{
    "_readme": [
        "This file locks the dependencies of your project to a known state",
        "Read more about it at https://getcomposer.org/doc/01-basic-usage.md#composer-lock-the-lock-file",
        "This file is @generated automatically"
    ],
    "content-hash": "d95706e72fd669af5a323012660e9237",
    "packages": [
        {
            "name": "aura/payload",
            "version": "3.0.1",
            "source": {
                "type": "git",
                "url": "https://github.com/auraphp/Aura.Payload.git",
                "reference": "0fe2dcef54a8df163e9408e7316ec4fe33c3c07e"
            },
            "dist": {
                "type": "zip",
                "url": "https://api.github.com/repos/auraphp/Aura.Payload/zipball/0fe2dcef54a8df163e9408e7316ec4fe33c3c07e",
                "reference": "0fe2dcef54a8df163e9408e7316ec4fe33c3c07e",
                "shasum": ""
            },
            "require": {
                "aura/payload-interface": "~3.0",
                "php": ">=5.5.0"
            },
            "type": "library",
            "autoload": {
                "psr-4": {
                    "Aura\\Payload\\": "src/"
                }
            },
            "notification-url": "https://packagist.org/downloads/",
            "license": [
                "MIT"
            ],
            "authors": [
                {
                    "name": "Aura.Payload Contributors",
                    "homepage": "https://github.com/auraphp/Aura.Payload/contributors"
                }
            ],
            "description": "A Domain Payload implementation.",
            "homepage": "https://github.com/auraphp/Aura.Payload",
            "keywords": [
                "ddd",
                "domain",
                "payload"
            ],
            "time": "2016-10-03T21:41:00+00:00"
        },
        {
            "name": "aura/payload-interface",
            "version": "3.1.0",
            "source": {
                "type": "git",
                "url": "https://github.com/auraphp/Aura.Payload_Interface.git",
                "reference": "c5379aa6675a0326bf16e0d43c54ef15bd4fdb1a"
            },
            "dist": {
                "type": "zip",
                "url": "https://api.github.com/repos/auraphp/Aura.Payload_Interface/zipball/c5379aa6675a0326bf16e0d43c54ef15bd4fdb1a",
                "reference": "c5379aa6675a0326bf16e0d43c54ef15bd4fdb1a",
                "shasum": ""
            },
            "require": {
                "php": ">=5.5.0"
            },
            "require-dev": {
                "pds/skeleton": "^1.0",
                "phpunit/phpunit": "~5.7 || ~4.8"
            },
            "type": "library",
            "autoload": {
                "psr-4": {
                    "Aura\\Payload_Interface\\": "src/"
                }
            },
            "notification-url": "https://packagist.org/downloads/",
            "license": [
                "MIT"
            ],
            "authors": [
                {
                    "name": "Aura.Payload_Interface Contributors",
                    "homepage": "https://github.com/auraphp/Aura.Payload_Interface/contributors"
                }
            ],
            "description": "An interface package for Domain Payload implementations.",
            "homepage": "https://github.com/auraphp/Aura.Payload_Interface",
            "keywords": [
                "ddd",
                "domain",
                "payload"
            ],
            "time": "2017-07-26T15:02:59+00:00"
        },
        {
            "name": "http-interop/http-factory",
            "version": "0.3.0",
            "source": {
                "type": "git",
                "url": "https://github.com/http-interop/http-factory.git",
                "reference": "c2587cc0a6f74987fefb5b8074acfd32c69a4b0f"
            },
            "dist": {
                "type": "zip",
                "url": "https://api.github.com/repos/http-interop/http-factory/zipball/c2587cc0a6f74987fefb5b8074acfd32c69a4b0f",
                "reference": "c2587cc0a6f74987fefb5b8074acfd32c69a4b0f",
                "shasum": ""
            },
            "require": {
                "php": ">=5.3.0",
                "psr/http-message": "^1.0"
            },
            "type": "library",
            "extra": {
                "branch-alias": {
                    "dev-master": "1.0.x-dev"
                }
            },
            "autoload": {
                "psr-4": {
                    "Interop\\Http\\Factory\\": "src/"
                }
            },
            "notification-url": "https://packagist.org/downloads/",
            "license": [
                "MIT"
            ],
            "authors": [
                {
                    "name": "PHP-FIG",
                    "homepage": "http://www.php-fig.org/"
                }
            ],
            "description": "Common interface for HTTP message factories",
            "keywords": [
                "factory",
                "http",
                "message",
                "psr",
                "psr-17",
                "psr-7",
                "request",
                "response"
            ],
            "time": "2017-03-24T14:48:51+00:00"
        },
        {
            "name": "http-interop/http-factory-diactoros",
            "version": "0.3.0",
            "source": {
                "type": "git",
                "url": "https://github.com/http-interop/http-factory-diactoros.git",
                "reference": "60e10aa7d1788107d2b8d3080c70bb9debd9116f"
            },
            "dist": {
                "type": "zip",
                "url": "https://api.github.com/repos/http-interop/http-factory-diactoros/zipball/60e10aa7d1788107d2b8d3080c70bb9debd9116f",
                "reference": "60e10aa7d1788107d2b8d3080c70bb9debd9116f",
                "shasum": ""
            },
            "require": {
                "http-interop/http-factory": "^0.3",
                "zendframework/zend-diactoros": "^1.3"
            },
            "provide": {
                "psr/http-factory-implementation": "^1.0"
            },
            "require-dev": {
                "http-interop/http-factory-tests": "^0.3"
            },
            "type": "library",
            "autoload": {
                "psr-4": {
                    "Http\\Factory\\Diactoros\\": "src/"
                }
            },
            "notification-url": "https://packagist.org/downloads/",
            "license": [
                "MIT"
            ],
            "authors": [
                {
                    "name": "PHP-FIG",
                    "homepage": "http://www.php-fig.org/"
                }
            ],
            "description": "An HTTP Factory using Zend Diactoros",
            "keywords": [
                "factory",
                "http",
                "psr-17",
                "psr-7"
            ],
            "time": "2017-03-29T10:51:41+00:00"
        },
        {
            "name": "nikic/fast-route",
            "version": "v1.3.0",
            "source": {
                "type": "git",
                "url": "https://github.com/nikic/FastRoute.git",
                "reference": "181d480e08d9476e61381e04a71b34dc0432e812"
            },
            "dist": {
                "type": "zip",
                "url": "https://api.github.com/repos/nikic/FastRoute/zipball/181d480e08d9476e61381e04a71b34dc0432e812",
                "reference": "181d480e08d9476e61381e04a71b34dc0432e812",
                "shasum": ""
            },
            "require": {
                "php": ">=5.4.0"
            },
            "require-dev": {
                "phpunit/phpunit": "^4.8.35|~5.7"
            },
            "type": "library",
            "autoload": {
                "psr-4": {
                    "FastRoute\\": "src/"
                },
                "files": [
                    "src/functions.php"
                ]
            },
            "notification-url": "https://packagist.org/downloads/",
            "license": [
                "BSD-3-Clause"
            ],
            "authors": [
                {
                    "name": "Nikita Popov",
                    "email": "nikic@php.net"
                }
            ],
            "description": "Fast request router for PHP",
            "keywords": [
                "router",
                "routing"
            ],
            "time": "2018-02-13T20:26:39+00:00"
        },
        {
            "name": "polus/adr",
            "version": "3.0.0",
            "source": {
                "type": "git",
                "url": "https://github.com/polusphp/adr.git",
                "reference": "1e06459e953b910c43e945d74f828f4908a7ae4d"
            },
            "dist": {
                "type": "zip",
                "url": "https://api.github.com/repos/polusphp/adr/zipball/1e06459e953b910c43e945d74f828f4908a7ae4d",
                "reference": "1e06459e953b910c43e945d74f828f4908a7ae4d",
                "shasum": ""
            },
            "require": {
                "aura/payload": "~3.0",
                "http-interop/http-factory": "^0.3.0",
                "php": ">=7.2.0",
                "polus/middleware-dispatcher": "^1.0",
                "polus/router": "^1.0",
                "psr/container": "^1.0",
                "psr/http-message": "^1.0",
                "psr/http-server-middleware": "^1.0"
            },
            "type": "library",
            "autoload": {
                "psr-4": {
                    "Polus\\Adr\\": "src/"
                }
            },
            "notification-url": "https://packagist.org/downloads/",
            "license": [
                "MIT"
            ],
            "authors": [
                {
                    "name": "Andreas Sundqvist",
                    "email": "andreas@oak-valley.se"
                }
            ],
            "description": "base for my version of adr",
            "homepage": "https://github.com/polusphp/adr",
            "time": "2018-04-11T14:07:29+00:00"
        },
        {
            "name": "polus/fast-router",
            "version": "1.0.0",
            "source": {
                "type": "git",
                "url": "https://github.com/polusphp/fast-router.git",
                "reference": "9bf36f2f24dd21ea5be29d8f2e8a4b3ab42ce2a8"
            },
            "dist": {
                "type": "zip",
                "url": "https://api.github.com/repos/polusphp/fast-router/zipball/9bf36f2f24dd21ea5be29d8f2e8a4b3ab42ce2a8",
                "reference": "9bf36f2f24dd21ea5be29d8f2e8a4b3ab42ce2a8",
                "shasum": ""
            },
            "require": {
                "nikic/fast-route": "^1.0",
                "php": ">=7.2.0",
                "polus/router": "^1.0",
                "psr/http-message": "^1.0"
            },
            "type": "library",
            "autoload": {
                "psr-4": {
                    "Polus\\Router\\FastRoute\\": "src/"
                }
            },
            "notification-url": "https://packagist.org/downloads/",
            "license": [
                "MIT"
            ],
            "authors": [
                {
                    "name": "Andreas Sundqvist",
                    "email": "andreas@oak-valley.se"
                }
            ],
            "description": "FastRoute for polus",
            "homepage": "https://github.com/polusphp/fast-router",
            "time": "2018-04-11T12:37:51+00:00"
        },
        {
            "name": "polus/middleware-dispatcher",
            "version": "1.0.1",
            "source": {
                "type": "git",
                "url": "https://github.com/polusphp/middleware-dispatcher.git",
                "reference": "1f56bd49ac2119ce087b2118684374b7313cdb3f"
            },
            "dist": {
                "type": "zip",
                "url": "https://api.github.com/repos/polusphp/middleware-dispatcher/zipball/1f56bd49ac2119ce087b2118684374b7313cdb3f",
                "reference": "1f56bd49ac2119ce087b2118684374b7313cdb3f",
                "shasum": ""
            },
            "require": {
                "http-interop/http-factory": "^0.3.0",
                "php": ">=7.2.0",
                "psr/container": "^1.0",
                "psr/http-message": "^1.0",
                "psr/http-server-middleware": "^1.0"
            },
            "suggest": {
                "polus/ellipse-middleware-dispatcher": "Middleware dispatching with EllipsePHP",
                "polus/relay-middleware-dispatcher": "Middleware dispatching with RelayPHP"
            },
            "type": "library",
            "autoload": {
                "psr-4": {
                    "Polus\\MiddlewareDispatcher\\": "src/"
                }
            },
            "notification-url": "https://packagist.org/downloads/",
            "license": [
                "MIT"
            ],
            "authors": [
                {
                    "name": "Andreas Sundqvist",
                    "email": "andreas@oak-valley.se"
                }
            ],
            "description": "base package for the middleware dispatcher for PolusPHP",
            "homepage": "https://github.com/polusphp/middleware-dispatcher",
            "time": "2018-04-11T14:04:32+00:00"
        },
        {
            "name": "polus/relay-middleware-dispatcher",
            "version": "1.0.0",
            "source": {
                "type": "git",
                "url": "https://github.com/polusphp/relay-middleware-dispatcher.git",
                "reference": "a70ec0f04cc7c91cd0e7ce7aa645b8592da972c1"
            },
            "dist": {
                "type": "zip",
                "url": "https://api.github.com/repos/polusphp/relay-middleware-dispatcher/zipball/a70ec0f04cc7c91cd0e7ce7aa645b8592da972c1",
                "reference": "a70ec0f04cc7c91cd0e7ce7aa645b8592da972c1",
                "shasum": ""
            },
            "require": {
                "http-interop/http-factory": "^0.3.0",
                "php": ">=7.2.0",
                "polus/middleware-dispatcher": "^1.0",
                "psr/http-message": "^1.0",
                "psr/http-server-middleware": "^1.0",
                "relay/relay": "2.x@dev"
            },
            "type": "library",
            "autoload": {
                "psr-4": {
                    "Polus\\MiddlewareDispatcher\\Relay\\": "src/"
                }
            },
            "notification-url": "https://packagist.org/downloads/",
            "license": [
                "MIT"
            ],
            "authors": [
                {
                    "name": "Andreas Sundqvist",
                    "email": "andreas@oak-valley.se"
                }
            ],
            "description": "relay middleware for polus",
            "homepage": "https://github.com/polusphp/relay-middleware-dispatcher",
            "time": "2018-04-11T12:11:40+00:00"
        },
        {
            "name": "polus/router",
            "version": "1.0.0",
            "source": {
                "type": "git",
                "url": "https://github.com/polusphp/router.git",
                "reference": "259ea3a59ef2d276dabfc56c17d33df8e37031d9"
            },
            "dist": {
                "type": "zip",
                "url": "https://api.github.com/repos/polusphp/router/zipball/259ea3a59ef2d276dabfc56c17d33df8e37031d9",
                "reference": "259ea3a59ef2d276dabfc56c17d33df8e37031d9",
                "shasum": ""
            },
            "require": {
                "php": ">=7.2.0",
                "psr/http-message": "~1.0"
            },
            "suggest": {
                "polus/aura-router": "Routing with Aura.Router",
                "polus/fast-router": "Routing with FastRoute",
                "polus/symfony-router": "Routing with Symfony Routing"
            },
            "type": "library",
            "autoload": {
                "psr-4": {
                    "Polus\\Router\\": "src/"
                }
            },
            "notification-url": "https://packagist.org/downloads/",
            "license": [
                "MIT"
            ],
            "authors": [
                {
                    "name": "Andreas Sundqvist",
                    "email": "andreas@oak-valley.se"
                }
            ],
            "description": "router polus",
            "homepage": "https://github.com/polusphp/router",
            "time": "2018-04-11T11:33:44+00:00"
        },
        {
            "name": "psr/container",
            "version": "1.0.0",
            "source": {
                "type": "git",
                "url": "https://github.com/php-fig/container.git",
                "reference": "b7ce3b176482dbbc1245ebf52b181af44c2cf55f"
            },
            "dist": {
                "type": "zip",
                "url": "https://api.github.com/repos/php-fig/container/zipball/b7ce3b176482dbbc1245ebf52b181af44c2cf55f",
                "reference": "b7ce3b176482dbbc1245ebf52b181af44c2cf55f",
                "shasum": ""
            },
            "require": {
                "php": ">=5.3.0"
            },
            "type": "library",
            "extra": {
                "branch-alias": {
                    "dev-master": "1.0.x-dev"
                }
            },
            "autoload": {
                "psr-4": {
                    "Psr\\Container\\": "src/"
                }
            },
            "notification-url": "https://packagist.org/downloads/",
            "license": [
                "MIT"
            ],
            "authors": [
                {
                    "name": "PHP-FIG",
                    "homepage": "http://www.php-fig.org/"
                }
            ],
            "description": "Common Container Interface (PHP FIG PSR-11)",
            "homepage": "https://github.com/php-fig/container",
            "keywords": [
                "PSR-11",
                "container",
                "container-interface",
                "container-interop",
                "psr"
            ],
            "time": "2017-02-14T16:28:37+00:00"
        },
        {
            "name": "psr/http-message",
            "version": "1.0.1",
            "source": {
                "type": "git",
                "url": "https://github.com/php-fig/http-message.git",
                "reference": "f6561bf28d520154e4b0ec72be95418abe6d9363"
            },
            "dist": {
                "type": "zip",
                "url": "https://api.github.com/repos/php-fig/http-message/zipball/f6561bf28d520154e4b0ec72be95418abe6d9363",
                "reference": "f6561bf28d520154e4b0ec72be95418abe6d9363",
                "shasum": ""
            },
            "require": {
                "php": ">=5.3.0"
            },
            "type": "library",
            "extra": {
                "branch-alias": {
                    "dev-master": "1.0.x-dev"
                }
            },
            "autoload": {
                "psr-4": {
                    "Psr\\Http\\Message\\": "src/"
                }
            },
            "notification-url": "https://packagist.org/downloads/",
            "license": [
                "MIT"
            ],
            "authors": [
                {
                    "name": "PHP-FIG",
                    "homepage": "http://www.php-fig.org/"
                }
            ],
            "description": "Common interface for HTTP messages",
            "homepage": "https://github.com/php-fig/http-message",
            "keywords": [
                "http",
                "http-message",
                "psr",
                "psr-7",
                "request",
                "response"
            ],
            "time": "2016-08-06T14:39:51+00:00"
        },
        {
            "name": "psr/http-server-handler",
            "version": "1.0.0",
            "source": {
                "type": "git",
                "url": "https://github.com/php-fig/http-server-handler.git",
                "reference": "439d92054dc06097f2406ec074a2627839955a02"
            },
            "dist": {
                "type": "zip",
                "url": "https://api.github.com/repos/php-fig/http-server-handler/zipball/439d92054dc06097f2406ec074a2627839955a02",
                "reference": "439d92054dc06097f2406ec074a2627839955a02",
                "shasum": ""
            },
            "require": {
                "php": ">=7.0",
                "psr/http-message": "^1.0"
            },
            "type": "library",
            "extra": {
                "branch-alias": {
                    "dev-master": "1.0.x-dev"
                }
            },
            "autoload": {
                "psr-4": {
                    "Psr\\Http\\Server\\": "src/"
                }
            },
            "notification-url": "https://packagist.org/downloads/",
            "license": [
                "MIT"
            ],
            "authors": [
                {
                    "name": "PHP-FIG",
                    "homepage": "http://www.php-fig.org/"
                }
            ],
            "description": "Common interface for HTTP server-side request handler",
            "keywords": [
                "handler",
                "http",
                "http-interop",
                "psr",
                "psr-15",
                "psr-7",
                "request",
                "response",
                "server"
            ],
            "time": "2018-01-22T17:04:15+00:00"
        },
        {
            "name": "psr/http-server-middleware",
            "version": "1.0.0",
            "source": {
                "type": "git",
                "url": "https://github.com/php-fig/http-server-middleware.git",
                "reference": "ea17eb1fb2c8df6db919cc578451a8013c6a0ae5"
            },
            "dist": {
                "type": "zip",
                "url": "https://api.github.com/repos/php-fig/http-server-middleware/zipball/ea17eb1fb2c8df6db919cc578451a8013c6a0ae5",
                "reference": "ea17eb1fb2c8df6db919cc578451a8013c6a0ae5",
                "shasum": ""
            },
            "require": {
                "php": ">=7.0",
                "psr/http-message": "^1.0",
                "psr/http-server-handler": "^1.0"
            },
            "type": "library",
            "extra": {
                "branch-alias": {
                    "dev-master": "1.0.x-dev"
                }
            },
            "autoload": {
                "psr-4": {
                    "Psr\\Http\\Server\\": "src/"
                }
            },
            "notification-url": "https://packagist.org/downloads/",
            "license": [
                "MIT"
            ],
            "authors": [
                {
                    "name": "PHP-FIG",
                    "homepage": "http://www.php-fig.org/"
                }
            ],
            "description": "Common interface for HTTP server-side middleware",
            "keywords": [
                "http",
                "http-interop",
                "middleware",
                "psr",
                "psr-15",
                "psr-7",
                "request",
                "response"
            ],
            "time": "2018-01-22T17:08:31+00:00"
        },
        {
            "name": "relay/relay",
            "version": "2.0.0-alpha1",
            "source": {
                "type": "git",
                "url": "https://github.com/relayphp/Relay.Relay.git",
                "reference": "5d6345ccfcdab9ce9c3e3c33226164a5759310da"
            },
            "dist": {
                "type": "zip",
                "url": "https://api.github.com/repos/relayphp/Relay.Relay/zipball/5d6345ccfcdab9ce9c3e3c33226164a5759310da",
                "reference": "5d6345ccfcdab9ce9c3e3c33226164a5759310da",
                "shasum": ""
            },
            "require": {
                "php": ">=7.1",
                "psr/http-message": "~1.0",
                "psr/http-server-handler": "~1.0"
            },
            "require-dev": {
                "phpunit/phpunit": "~7.0",
                "psr/http-server-middleware": "~1.0",
                "zendframework/zend-diactoros": "~1.0"
            },
            "type": "library",
            "autoload": {
                "psr-4": {
                    "Relay\\": "src/"
                }
            },
            "notification-url": "https://packagist.org/downloads/",
            "license": [
                "MIT"
            ],
            "authors": [
                {
                    "name": "Relay.Relay Contributors",
                    "homepage": "https://github.com/relayphp/Relay.Relay/contributors"
                }
            ],
            "description": "A PSR-7 middleware dispatcher.",
            "homepage": "https://github.com/relayphp/Relay.Relay",
            "keywords": [
                "middleware",
                "psr-7"
            ],
            "time": "2018-02-13T16:52:55+00:00"
        },
        {
            "name": "zendframework/zend-diactoros",
            "version": "1.7.1",
            "source": {
                "type": "git",
                "url": "https://github.com/zendframework/zend-diactoros.git",
                "reference": "bf26aff803a11c5cc8eb7c4878a702c403ec67f1"
            },
            "dist": {
                "type": "zip",
                "url": "https://api.github.com/repos/zendframework/zend-diactoros/zipball/bf26aff803a11c5cc8eb7c4878a702c403ec67f1",
                "reference": "bf26aff803a11c5cc8eb7c4878a702c403ec67f1",
                "shasum": ""
            },
            "require": {
                "php": "^5.6 || ^7.0",
                "psr/http-message": "^1.0"
            },
            "provide": {
                "psr/http-message-implementation": "1.0"
            },
            "require-dev": {
                "ext-dom": "*",
                "ext-libxml": "*",
                "phpunit/phpunit": "^5.7.16 || ^6.0.8",
                "zendframework/zend-coding-standard": "~1.0"
            },
            "type": "library",
            "extra": {
                "branch-alias": {
                    "dev-master": "1.7.x-dev",
                    "dev-develop": "1.8.x-dev"
                }
            },
            "autoload": {
                "psr-4": {
                    "Zend\\Diactoros\\": "src/"
                }
            },
            "notification-url": "https://packagist.org/downloads/",
            "license": [
                "BSD-2-Clause"
            ],
            "description": "PSR HTTP Message implementations",
            "homepage": "https://github.com/zendframework/zend-diactoros",
            "keywords": [
                "http",
                "psr",
                "psr-7"
            ],
            "time": "2018-02-26T15:44:50+00:00"
        }
    ],
    "packages-dev": [],
    "aliases": [],
    "minimum-stability": "dev",
    "stability-flags": [],
    "prefer-stable": true,
    "prefer-lowest": false,
    "platform": {
        "php": ">=7.2.0"
    },
    "platform-dev": []
}
